
Microsoft Visual Studio Solution File, Format Version 11.00
# Visual Studio 2010
Project("{FAE04EC0-301F-11D3-BF4B-00C04F79EFBC}") = "Maze Play", "Assembly-CSharp.csproj", "{5B4A2A7A-F6AA-D39C-1277-DDF03C04D990}"
EndProject
Project("{FAE04EC0-301F-11D3-BF4B-00C04F79EFBC}") = "Maze Play", "Assembly-CSharp-Editor.csproj", "{38A43527-59F9-9137-4D6B-1EB208FCA61E}"
EndProject
Global
	GlobalSection(SolutionConfigurationPlatforms) = preSolution
		Debug|Any CPU = Debug|Any CPU
		Release|Any CPU = Release|Any CPU
	EndGlobalSection
	GlobalSection(ProjectConfigurationPlatforms) = postSolution
		{5B4A2A7A-F6AA-D39C-1277-DDF03C04D990}.Debug|Any CPU.ActiveCfg = Debug|Any CPU
		{5B4A2A7A-F6AA-D39C-1277-DDF03C04D990}.Debug|Any CPU.Build.0 = Debug|Any CPU
		{5B4A2A7A-F6AA-D39C-1277-DDF03C04D990}.Release|Any CPU.ActiveCfg = Release|Any CPU
		{5B4A2A7A-F6AA-D39C-1277-DDF03C04D990}.Release|Any CPU.Build.0 = Release|Any CPU
		{38A43527-59F9-9137-4D6B-1EB208FCA61E}.Debug|Any CPU.ActiveCfg = Debug|Any CPU
		{38A43527-59F9-9137-4D6B-1EB208FCA61E}.Debug|Any CPU.Build.0 = Debug|Any CPU
		{38A43527-59F9-9137-4D6B-1EB208FCA61E}.Release|Any CPU.ActiveCfg = Release|Any CPU
		{38A43527-59F9-9137-4D6B-1EB208FCA61E}.Release|Any CPU.Build.0 = Release|Any CPU
	EndGlobalSection
	GlobalSection(SolutionProperties) = preSolution
		HideSolutionNode = FALSE
	EndGlobalSection
	GlobalSection(MonoDevelopProperties) = preSolution
		StartupItem = Assembly-CSharp.csproj
	EndGlobalSection
EndGlobal
